// !$*UTF8*$!
{
	archiveVersion = 1;
	classes = {
	};
	objectVersion = 55;
	objects = {

/* Begin PBXBuildFile section */
		303803B1A24F925475D652F0 /* Pods_IOSParstagram.framework in Frameworks */ = {isa = PBXBuildFile; fileRef = 43B076FF84F6975E7554C448 /* Pods_IOSParstagram.framework */; };
		339FB2CCCC6B44F795002728 /* Pods_IOSParstagram_IOSParstagramUITests.framework in Frameworks */ = {isa = PBXBuildFile; fileRef = FEC992810E28E445BDC29C33 /* Pods_IOSParstagram_IOSParstagramUITests.framework */; };
		531F3E9055CF7CED84E29693 /* Pods_IOSParstagramTests.framework in Frameworks */ = {isa = PBXBuildFile; fileRef = 0712711CE6C62B277A52567D /* Pods_IOSParstagramTests.framework */; };
		A1516FA22719E4020059FAA1 /* CommentCell.swift in Sources */ = {isa = PBXBuildFile; fileRef = A1516FA12719E4020059FAA1 /* CommentCell.swift */; };
		A1ADA9B1271124BD00110461 /* AppDelegate.swift in Sources */ = {isa = PBXBuildFile; fileRef = A1ADA9B0271124BD00110461 /* AppDelegate.swift */; };
		A1ADA9B3271124BD00110461 /* SceneDelegate.swift in Sources */ = {isa = PBXBuildFile; fileRef = A1ADA9B2271124BD00110461 /* SceneDelegate.swift */; };
		A1ADA9B8271124BD00110461 /* Main.storyboard in Resources */ = {isa = PBXBuildFile; fileRef = A1ADA9B6271124BD00110461 /* Main.storyboard */; };
		A1ADA9BA271124BF00110461 /* Assets.xcassets in Resources */ = {isa = PBXBuildFile; fileRef = A1ADA9B9271124BF00110461 /* Assets.xcassets */; };
		A1ADA9BD271124BF00110461 /* LaunchScreen.storyboard in Resources */ = {isa = PBXBuildFile; fileRef = A1ADA9BB271124BF00110461 /* LaunchScreen.storyboard */; };
		A1ADA9C8271124C000110461 /* IOSParstagramTests.swift in Sources */ = {isa = PBXBuildFile; fileRef = A1ADA9C7271124C000110461 /* IOSParstagramTests.swift */; };
		A1ADA9D2271124C000110461 /* IOSParstagramUITests.swift in Sources */ = {isa = PBXBuildFile; fileRef = A1ADA9D1271124C000110461 /* IOSParstagramUITests.swift */; };
		A1ADA9D4271124C000110461 /* IOSParstagramUITestsLaunchTests.swift in Sources */ = {isa = PBXBuildFile; fileRef = A1ADA9D3271124C000110461 /* IOSParstagramUITestsLaunchTests.swift */; };
		A1ADA9E12711321C00110461 /* LoginViewController.swift in Sources */ = {isa = PBXBuildFile; fileRef = A1ADA9E02711321C00110461 /* LoginViewController.swift */; };
		A1ADA9E32711323100110461 /* FeedViewController.swift in Sources */ = {isa = PBXBuildFile; fileRef = A1ADA9E22711323100110461 /* FeedViewController.swift */; };
		A1ADA9E52711489200110461 /* CameraViewController.swift in Sources */ = {isa = PBXBuildFile; fileRef = A1ADA9E42711489200110461 /* CameraViewController.swift */; };
		A1ADA9E727129FB100110461 /* PostCell.swift in Sources */ = {isa = PBXBuildFile; fileRef = A1ADA9E627129FB100110461 /* PostCell.swift */; };
/* End PBXBuildFile section */

/* Begin PBXContainerItemProxy section */
		A1ADA9C4271124C000110461 /* PBXContainerItemProxy */ = {
			isa = PBXContainerItemProxy;
			containerPortal = A1ADA9A5271124BD00110461 /* Project object */;
			proxyType = 1;
			remoteGlobalIDString = A1ADA9AC271124BD00110461;
			remoteInfo = IOSParstagram;
		};
		A1ADA9CE271124C000110461 /* PBXContainerItemProxy */ = {
			isa = PBXContainerItemProxy;
			containerPortal = A1ADA9A5271124BD00110461 /* Project object */;
			proxyType = 1;
			remoteGlobalIDString = A1ADA9AC271124BD00110461;
			remoteInfo = IOSParstagram;
		};
/* End PBXContainerItemProxy section */

/* Begin PBXFileReference section */
		06A27761CF300796E67B81F6 /* Pods-IOSParstagram.debug.xcconfig */ = {isa = PBXFileReference; includeInIndex = 1; lastKnownFileType = text.xcconfig; name = "Pods-IOSParstagram.debug.xcconfig"; path = "Target Support Files/Pods-IOSParstagram/Pods-IOSParstagram.debug.xcconfig"; sourceTree = "<group>"; };
		0712711CE6C62B277A52567D /* Pods_IOSParstagramTests.framework */ = {isa = PBXFileReference; explicitFileType = wrapper.framework; includeInIndex = 0; path = Pods_IOSParstagramTests.framework; sourceTree = BUILT_PRODUCTS_DIR; };
		16C1F9AEF771E8D997CC6B2F /* Pods-IOSParstagram-IOSParstagramUITests.debug.xcconfig */ = {isa = PBXFileReference; includeInIndex = 1; lastKnownFileType = text.xcconfig; name = "Pods-IOSParstagram-IOSParstagramUITests.debug.xcconfig"; path = "Target Support Files/Pods-IOSParstagram-IOSParstagramUITests/Pods-IOSParstagram-IOSParstagramUITests.debug.xcconfig"; sourceTree = "<group>"; };
		210B05FEC2BA2D85FB6EAA56 /* Pods-IOSParstagramTests.debug.xcconfig */ = {isa = PBXFileReference; includeInIndex = 1; lastKnownFileType = text.xcconfig; name = "Pods-IOSParstagramTests.debug.xcconfig"; path = "Target Support Files/Pods-IOSParstagramTests/Pods-IOSParstagramTests.debug.xcconfig"; sourceTree = "<group>"; };
		43B076FF84F6975E7554C448 /* Pods_IOSParstagram.framework */ = {isa = PBXFileReference; explicitFileType = wrapper.framework; includeInIndex = 0; path = Pods_IOSParstagram.framework; sourceTree = BUILT_PRODUCTS_DIR; };
		533F2C046EC6458D891C3E43 /* Pods-IOSParstagram-IOSParstagramUITests.release.xcconfig */ = {isa = PBXFileReference; includeInIndex = 1; lastKnownFileType = text.xcconfig; name = "Pods-IOSParstagram-IOSParstagramUITests.release.xcconfig"; path = "Target Support Files/Pods-IOSParstagram-IOSParstagramUITests/Pods-IOSParstagram-IOSParstagramUITests.release.xcconfig"; sourceTree = "<group>"; };
		5542080C8E012367AA7F1D09 /* Pods-IOSParstagram.release.xcconfig */ = {isa = PBXFileReference; includeInIndex = 1; lastKnownFileType = text.xcconfig; name = "Pods-IOSParstagram.release.xcconfig"; path = "Target Support Files/Pods-IOSParstagram/Pods-IOSParstagram.release.xcconfig"; sourceTree = "<group>"; };
		5796144DD16F89AFA72C6ACB /* Pods-IOSParstagramTests.release.xcconfig */ = {isa = PBXFileReference; includeInIndex = 1; lastKnownFileType = text.xcconfig; name = "Pods-IOSParstagramTests.release.xcconfig"; path = "Target Support Files/Pods-IOSParstagramTests/Pods-IOSParstagramTests.release.xcconfig"; sourceTree = "<group>"; };
		A1516FA12719E4020059FAA1 /* CommentCell.swift */ = {isa = PBXFileReference; lastKnownFileType = sourcecode.swift; path = CommentCell.swift; sourceTree = "<group>"; };
		A1ADA9AD271124BD00110461 /* IOSParstagram.app */ = {isa = PBXFileReference; explicitFileType = wrapper.application; includeInIndex = 0; path = IOSParstagram.app; sourceTree = BUILT_PRODUCTS_DIR; };
		A1ADA9B0271124BD00110461 /* AppDelegate.swift */ = {isa = PBXFileReference; lastKnownFileType = sourcecode.swift; path = AppDelegate.swift; sourceTree = "<group>"; };
		A1ADA9B2271124BD00110461 /* SceneDelegate.swift */ = {isa = PBXFileReference; lastKnownFileType = sourcecode.swift; path = SceneDelegate.swift; sourceTree = "<group>"; };
		A1ADA9B7271124BD00110461 /* Base */ = {isa = PBXFileReference; lastKnownFileType = file.storyboard; name = Base; path = Base.lproj/Main.storyboard; sourceTree = "<group>"; };
		A1ADA9B9271124BF00110461 /* Assets.xcassets */ = {isa = PBXFileReference; lastKnownFileType = folder.assetcatalog; path = Assets.xcassets; sourceTree = "<group>"; };
		A1ADA9BC271124BF00110461 /* Base */ = {isa = PBXFileReference; lastKnownFileType = file.storyboard; name = Base; path = Base.lproj/LaunchScreen.storyboard; sourceTree = "<group>"; };
		A1ADA9BE271124BF00110461 /* Info.plist */ = {isa = PBXFileReference; lastKnownFileType = text.plist.xml; path = Info.plist; sourceTree = "<group>"; };
		A1ADA9C3271124C000110461 /* IOSParstagramTests.xctest */ = {isa = PBXFileReference; explicitFileType = wrapper.cfbundle; includeInIndex = 0; path = IOSParstagramTests.xctest; sourceTree = BUILT_PRODUCTS_DIR; };
		A1ADA9C7271124C000110461 /* IOSParstagramTests.swift */ = {isa = PBXFileReference; lastKnownFileType = sourcecode.swift; path = IOSParstagramTests.swift; sourceTree = "<group>"; };
		A1ADA9CD271124C000110461 /* IOSParstagramUITests.xctest */ = {isa = PBXFileReference; explicitFileType = wrapper.cfbundle; includeInIndex = 0; path = IOSParstagramUITests.xctest; sourceTree = BUILT_PRODUCTS_DIR; };
		A1ADA9D1271124C000110461 /* IOSParstagramUITests.swift */ = {isa = PBXFileReference; lastKnownFileType = sourcecode.swift; path = IOSParstagramUITests.swift; sourceTree = "<group>"; };
		A1ADA9D3271124C000110461 /* IOSParstagramUITestsLaunchTests.swift */ = {isa = PBXFileReference; lastKnownFileType = sourcecode.swift; path = IOSParstagramUITestsLaunchTests.swift; sourceTree = "<group>"; };
		A1ADA9E02711321C00110461 /* LoginViewController.swift */ = {isa = PBXFileReference; lastKnownFileType = sourcecode.swift; path = LoginViewController.swift; sourceTree = "<group>"; };
		A1ADA9E22711323100110461 /* FeedViewController.swift */ = {isa = PBXFileReference; lastKnownFileType = sourcecode.swift; path = FeedViewController.swift; sourceTree = "<group>"; };
		A1ADA9E42711489200110461 /* CameraViewController.swift */ = {isa = PBXFileReference; lastKnownFileType = sourcecode.swift; path = CameraViewController.swift; sourceTree = "<group>"; };
		A1ADA9E627129FB100110461 /* PostCell.swift */ = {isa = PBXFileReference; lastKnownFileType = sourcecode.swift; path = PostCell.swift; sourceTree = "<group>"; };
		FEC992810E28E445BDC29C33 /* Pods_IOSParstagram_IOSParstagramUITests.framework */ = {isa = PBXFileReference; explicitFileType = wrapper.framework; includeInIndex = 0; path = Pods_IOSParstagram_IOSParstagramUITests.framework; sourceTree = BUILT_PRODUCTS_DIR; };
/* End PBXFileReference section */

/* Begin PBXFrameworksBuildPhase section */
		A1ADA9AA271124BD00110461 /* Frameworks */ = {
			isa = PBXFrameworksBuildPhase;
			buildActionMask = 2147483647;
			files = (
				303803B1A24F925475D652F0 /* Pods_IOSParstagram.framework in Frameworks */,
			);
			runOnlyForDeploymentPostprocessing = 0;
		};
		A1ADA9C0271124C000110461 /* Frameworks */ = {
			isa = PBXFrameworksBuildPhase;
			buildActionMask = 2147483647;
			files = (
				531F3E9055CF7CED84E29693 /* Pods_IOSParstagramTests.framework in Frameworks */,
			);
			runOnlyForDeploymentPostprocessing = 0;
		};
		A1ADA9CA271124C000110461 /* Frameworks */ = {
			isa = PBXFrameworksBuildPhase;
			buildActionMask = 2147483647;
			files = (
				339FB2CCCC6B44F795002728 /* Pods_IOSParstagram_IOSParstagramUITests.framework in Frameworks */,
			);
			runOnlyForDeploymentPostprocessing = 0;
		};
/* End PBXFrameworksBuildPhase section */

/* Begin PBXGroup section */
		7DA303A1F7D73D1EDB915D07 /* Frameworks */ = {
			isa = PBXGroup;
			children = (
				43B076FF84F6975E7554C448 /* Pods_IOSParstagram.framework */,
				FEC992810E28E445BDC29C33 /* Pods_IOSParstagram_IOSParstagramUITests.framework */,
				0712711CE6C62B277A52567D /* Pods_IOSParstagramTests.framework */,
			);
			name = Frameworks;
			sourceTree = "<group>";
		};
		A1ADA9A4271124BD00110461 = {
			isa = PBXGroup;
			children = (
				A1ADA9AF271124BD00110461 /* IOSParstagram */,
				A1ADA9C6271124C000110461 /* IOSParstagramTests */,
				A1ADA9D0271124C000110461 /* IOSParstagramUITests */,
				A1ADA9AE271124BD00110461 /* Products */,
				F6C3CBFAA681CDB9BBC2EA65 /* Pods */,
				7DA303A1F7D73D1EDB915D07 /* Frameworks */,
			);
			sourceTree = "<group>";
		};
		A1ADA9AE271124BD00110461 /* Products */ = {
			isa = PBXGroup;
			children = (
				A1ADA9AD271124BD00110461 /* IOSParstagram.app */,
				A1ADA9C3271124C000110461 /* IOSParstagramTests.xctest */,
				A1ADA9CD271124C000110461 /* IOSParstagramUITests.xctest */,
			);
			name = Products;
			sourceTree = "<group>";
		};
		A1ADA9AF271124BD00110461 /* IOSParstagram */ = {
			isa = PBXGroup;
			children = (
				A1ADA9B0271124BD00110461 /* AppDelegate.swift */,
				A1ADA9B2271124BD00110461 /* SceneDelegate.swift */,
				A1ADA9B6271124BD00110461 /* Main.storyboard */,
				A1ADA9B9271124BF00110461 /* Assets.xcassets */,
				A1ADA9BB271124BF00110461 /* LaunchScreen.storyboard */,
				A1ADA9BE271124BF00110461 /* Info.plist */,
				A1ADA9E02711321C00110461 /* LoginViewController.swift */,
				A1ADA9E22711323100110461 /* FeedViewController.swift */,
				A1ADA9E42711489200110461 /* CameraViewController.swift */,
				A1ADA9E627129FB100110461 /* PostCell.swift */,
				A1516FA12719E4020059FAA1 /* CommentCell.swift */,
			);
			path = IOSParstagram;
			sourceTree = "<group>";
		};
		A1ADA9C6271124C000110461 /* IOSParstagramTests */ = {
			isa = PBXGroup;
			children = (
				A1ADA9C7271124C000110461 /* IOSParstagramTests.swift */,
			);
			path = IOSParstagramTests;
			sourceTree = "<group>";
		};
		A1ADA9D0271124C000110461 /* IOSParstagramUITests */ = {
			isa = PBXGroup;
			children = (
				A1ADA9D1271124C000110461 /* IOSParstagramUITests.swift */,
				A1ADA9D3271124C000110461 /* IOSParstagramUITestsLaunchTests.swift */,
			);
			path = IOSParstagramUITests;
			sourceTree = "<group>";
		};
		F6C3CBFAA681CDB9BBC2EA65 /* Pods */ = {
			isa = PBXGroup;
			children = (
				06A27761CF300796E67B81F6 /* Pods-IOSParstagram.debug.xcconfig */,
				5542080C8E012367AA7F1D09 /* Pods-IOSParstagram.release.xcconfig */,
				16C1F9AEF771E8D997CC6B2F /* Pods-IOSParstagram-IOSParstagramUITests.debug.xcconfig */,
				533F2C046EC6458D891C3E43 /* Pods-IOSParstagram-IOSParstagramUITests.release.xcconfig */,
				210B05FEC2BA2D85FB6EAA56 /* Pods-IOSParstagramTests.debug.xcconfig */,
				5796144DD16F89AFA72C6ACB /* Pods-IOSParstagramTests.release.xcconfig */,
			);
			path = Pods;
			sourceTree = "<group>";
		};
/* End PBXGroup section */

/* Begin PBXNativeTarget section */
		A1ADA9AC271124BD00110461 /* IOSParstagram */ = {
			isa = PBXNativeTarget;
			buildConfigurationList = A1ADA9D7271124C000110461 /* Build configuration list for PBXNativeTarget "IOSParstagram" */;
			buildPhases = (
				5747C77B2BE44ADB4CA81495 /* [CP] Check Pods Manifest.lock */,
				A1ADA9A9271124BD00110461 /* Sources */,
				A1ADA9AA271124BD00110461 /* Frameworks */,
				A1ADA9AB271124BD00110461 /* Resources */,
				EE8FE023DE573CE738A2D894 /* [CP] Embed Pods Frameworks */,
			);
			buildRules = (
			);
			dependencies = (
			);
			name = IOSParstagram;
			productName = IOSParstagram;
			productReference = A1ADA9AD271124BD00110461 /* IOSParstagram.app */;
			productType = "com.apple.product-type.application";
		};
		A1ADA9C2271124C000110461 /* IOSParstagramTests */ = {
			isa = PBXNativeTarget;
			buildConfigurationList = A1ADA9DA271124C000110461 /* Build configuration list for PBXNativeTarget "IOSParstagramTests" */;
			buildPhases = (
				DF402ADF1FFCA898419F70F2 /* [CP] Check Pods Manifest.lock */,
				A1ADA9BF271124C000110461 /* Sources */,
				A1ADA9C0271124C000110461 /* Frameworks */,
				A1ADA9C1271124C000110461 /* Resources */,
			);
			buildRules = (
			);
			dependencies = (
				A1ADA9C5271124C000110461 /* PBXTargetDependency */,
			);
			name = IOSParstagramTests;
			productName = IOSParstagramTests;
			productReference = A1ADA9C3271124C000110461 /* IOSParstagramTests.xctest */;
			productType = "com.apple.product-type.bundle.unit-test";
		};
		A1ADA9CC271124C000110461 /* IOSParstagramUITests */ = {
			isa = PBXNativeTarget;
			buildConfigurationList = A1ADA9DD271124C000110461 /* Build configuration list for PBXNativeTarget "IOSParstagramUITests" */;
			buildPhases = (
				2E92B4CB4627CDD05D267BC7 /* [CP] Check Pods Manifest.lock */,
				A1ADA9C9271124C000110461 /* Sources */,
				A1ADA9CA271124C000110461 /* Frameworks */,
				A1ADA9CB271124C000110461 /* Resources */,
				7C50EB433C285295EDB7C55B /* [CP] Embed Pods Frameworks */,
			);
			buildRules = (
			);
			dependencies = (
				A1ADA9CF271124C000110461 /* PBXTargetDependency */,
			);
			name = IOSParstagramUITests;
			productName = IOSParstagramUITests;
			productReference = A1ADA9CD271124C000110461 /* IOSParstagramUITests.xctest */;
			productType = "com.apple.product-type.bundle.ui-testing";
		};
/* End PBXNativeTarget section */

/* Begin PBXProject section */
		A1ADA9A5271124BD00110461 /* Project object */ = {
			isa = PBXProject;
			attributes = {
				BuildIndependentTargetsInParallel = 1;
				LastSwiftUpdateCheck = 1300;
				LastUpgradeCheck = 1300;
				TargetAttributes = {
					A1ADA9AC271124BD00110461 = {
						CreatedOnToolsVersion = 13.0;
					};
					A1ADA9C2271124C000110461 = {
						CreatedOnToolsVersion = 13.0;
						TestTargetID = A1ADA9AC271124BD00110461;
					};
					A1ADA9CC271124C000110461 = {
						CreatedOnToolsVersion = 13.0;
						TestTargetID = A1ADA9AC271124BD00110461;
					};
				};
			};
			buildConfigurationList = A1ADA9A8271124BD00110461 /* Build configuration list for PBXProject "IOSParstagram" */;
			compatibilityVersion = "Xcode 13.0";
			developmentRegion = en;
			hasScannedForEncodings = 0;
			knownRegions = (
				en,
				Base,
			);
			mainGroup = A1ADA9A4271124BD00110461;
			productRefGroup = A1ADA9AE271124BD00110461 /* Products */;
			projectDirPath = "";
			projectRoot = "";
			targets = (
				A1ADA9AC271124BD00110461 /* IOSParstagram */,
				A1ADA9C2271124C000110461 /* IOSParstagramTests */,
				A1ADA9CC271124C000110461 /* IOSParstagramUITests */,
			);
		};
/* End PBXProject section */

/* Begin PBXResourcesBuildPhase section */
		A1ADA9AB271124BD00110461 /* Resources */ = {
			isa = PBXResourcesBuildPhase;
			buildActionMask = 2147483647;
			files = (
				A1ADA9BD271124BF00110461 /* LaunchScreen.storyboard in Resources */,
				A1ADA9BA271124BF00110461 /* Assets.xcassets in Resources */,
				A1ADA9B8271124BD00110461 /* Main.storyboard in Resources */,
			);
			runOnlyForDeploymentPostprocessing = 0;
		};
		A1ADA9C1271124C000110461 /* Resources */ = {
			isa = PBXResourcesBuildPhase;
			buildActionMask = 2147483647;
			files = (
			);
			runOnlyForDeploymentPostprocessing = 0;
		};
		A1ADA9CB271124C000110461 /* Resources */ = {
			isa = PBXResourcesBuildPhase;
			buildActionMask = 2147483647;
			files = (
			);
			runOnlyForDeploymentPostprocessing = 0;
		};
/* End PBXResourcesBuildPhase section */

/* Begin PBXShellScriptBuildPhase section */
		2E92B4CB4627CDD05D267BC7 /* [CP] Check Pods Manifest.lock */ = {
			isa = PBXShellScriptBuildPhase;
			buildActionMask = 2147483647;
			files = (
			);
			inputFileListPaths = (
			);
			inputPaths = (
				"${PODS_PODFILE_DIR_PATH}/Podfile.lock",
				"${PODS_ROOT}/Manifest.lock",
			);
			name = "[CP] Check Pods Manifest.lock";
			outputFileListPaths = (
			);
			outputPaths = (
				"$(DERIVED_FILE_DIR)/Pods-IOSParstagram-IOSParstagramUITests-checkManifestLockResult.txt",
			);
			runOnlyForDeploymentPostprocessing = 0;
			shellPath = /bin/sh;
			shellScript = "diff \"${PODS_PODFILE_DIR_PATH}/Podfile.lock\" \"${PODS_ROOT}/Manifest.lock\" > /dev/null\nif [ $? != 0 ] ; then\n    # print error to STDERR\n    echo \"error: The sandbox is not in sync with the Podfile.lock. Run 'pod install' or update your CocoaPods installation.\" >&2\n    exit 1\nfi\n# This output is used by Xcode 'outputs' to avoid re-running this script phase.\necho \"SUCCESS\" > \"${SCRIPT_OUTPUT_FILE_0}\"\n";
			showEnvVarsInLog = 0;
		};
		5747C77B2BE44ADB4CA81495 /* [CP] Check Pods Manifest.lock */ = {
			isa = PBXShellScriptBuildPhase;
			buildActionMask = 2147483647;
			files = (
			);
			inputFileListPaths = (
			);
			inputPaths = (
				"${PODS_PODFILE_DIR_PATH}/Podfile.lock",
				"${PODS_ROOT}/Manifest.lock",
			);
			name = "[CP] Check Pods Manifest.lock";
			outputFileListPaths = (
			);
			outputPaths = (
				"$(DERIVED_FILE_DIR)/Pods-IOSParstagram-checkManifestLockResult.txt",
			);
			runOnlyForDeploymentPostprocessing = 0;
			shellPath = /bin/sh;
			shellScript = "diff \"${PODS_PODFILE_DIR_PATH}/Podfile.lock\" \"${PODS_ROOT}/Manifest.lock\" > /dev/null\nif [ $? != 0 ] ; then\n    # print error to STDERR\n    echo \"error: The sandbox is not in sync with the Podfile.lock. Run 'pod install' or update your CocoaPods installation.\" >&2\n    exit 1\nfi\n# This output is used by Xcode 'outputs' to avoid re-running this script phase.\necho \"SUCCESS\" > \"${SCRIPT_OUTPUT_FILE_0}\"\n";
			showEnvVarsInLog = 0;
		};
		7C50EB433C285295EDB7C55B /* [CP] Embed Pods Frameworks */ = {
			isa = PBXShellScriptBuildPhase;
			buildActionMask = 2147483647;
			files = (
			);
			inputFileListPaths = (
				"${PODS_ROOT}/Target Support Files/Pods-IOSParstagram-IOSParstagramUITests/Pods-IOSParstagram-IOSParstagramUITests-frameworks-${CONFIGURATION}-input-files.xcfilelist",
			);
			name = "[CP] Embed Pods Frameworks";
			outputFileListPaths = (
				"${PODS_ROOT}/Target Support Files/Pods-IOSParstagram-IOSParstagramUITests/Pods-IOSParstagram-IOSParstagramUITests-frameworks-${CONFIGURATION}-output-files.xcfilelist",
			);
			runOnlyForDeploymentPostprocessing = 0;
			shellPath = /bin/sh;
			shellScript = "\"${PODS_ROOT}/Target Support Files/Pods-IOSParstagram-IOSParstagramUITests/Pods-IOSParstagram-IOSParstagramUITests-frameworks.sh\"\n";
			showEnvVarsInLog = 0;
		};
		DF402ADF1FFCA898419F70F2 /* [CP] Check Pods Manifest.lock */ = {
			isa = PBXShellScriptBuildPhase;
			buildActionMask = 2147483647;
			files = (
			);
			inputFileListPaths = (
			);
			inputPaths = (
				"${PODS_PODFILE_DIR_PATH}/Podfile.lock",
				"${PODS_ROOT}/Manifest.lock",
			);
			name = "[CP] Check Pods Manifest.lock";
			outputFileListPaths = (
			);
			outputPaths = (
				"$(DERIVED_FILE_DIR)/Pods-IOSParstagramTests-checkManifestLockResult.txt",
			);
			runOnlyForDeploymentPostprocessing = 0;
			shellPath = /bin/sh;
			shellScript = "diff \"${PODS_PODFILE_DIR_PATH}/Podfile.lock\" \"${PODS_ROOT}/Manifest.lock\" > /dev/null\nif [ $? != 0 ] ; then\n    # print error to STDERR\n    echo \"error: The sandbox is not in sync with the Podfile.lock. Run 'pod install' or update your CocoaPods installation.\" >&2\n    exit 1\nfi\n# This output is used by Xcode 'outputs' to avoid re-running this script phase.\necho \"SUCCESS\" > \"${SCRIPT_OUTPUT_FILE_0}\"\n";
			showEnvVarsInLog = 0;
		};
		EE8FE023DE573CE738A2D894 /* [CP] Embed Pods Frameworks */ = {
			isa = PBXShellScriptBuildPhase;
			buildActionMask = 2147483647;
			files = (
			);
			inputFileListPaths = (
				"${PODS_ROOT}/Target Support Files/Pods-IOSParstagram/Pods-IOSParstagram-frameworks-${CONFIGURATION}-input-files.xcfilelist",
			);
			name = "[CP] Embed Pods Frameworks";
			outputFileListPaths = (
				"${PODS_ROOT}/Target Support Files/Pods-IOSParstagram/Pods-IOSParstagram-frameworks-${CONFIGURATION}-output-files.xcfilelist",
			);
			runOnlyForDeploymentPostprocessing = 0;
			shellPath = /bin/sh;
			shellScript = "\"${PODS_ROOT}/Target Support Files/Pods-IOSParstagram/Pods-IOSParstagram-frameworks.sh\"\n";
			showEnvVarsInLog = 0;
		};
/* End PBXShellScriptBuildPhase section */

/* Begin PBXSourcesBuildPhase section */
		A1ADA9A9271124BD00110461 /* Sources */ = {
			isa = PBXSourcesBuildPhase;
			buildActionMask = 2147483647;
			files = (
				A1ADA9E12711321C00110461 /* LoginViewController.swift in Sources */,
				A1ADA9E52711489200110461 /* CameraViewController.swift in Sources */,
				A1ADA9B1271124BD00110461 /* AppDelegate.swift in Sources */,
				A1ADA9E32711323100110461 /* FeedViewController.swift in Sources */,
				A1ADA9B3271124BD00110461 /* SceneDelegate.swift in Sources */,
				A1ADA9E727129FB100110461 /* PostCell.swift in Sources */,
				A1516FA22719E4020059FAA1 /* CommentCell.swift in Sources */,
			);
			runOnlyForDeploymentPostprocessing = 0;
		};
		A1ADA9BF271124C000110461 /* Sources */ = {
			isa = PBXSourcesBuildPhase;
			buildActionMask = 2147483647;
			files = (
				A1ADA9C8271124C000110461 /* IOSParstagramTests.swift in Sources */,
			);
			runOnlyForDeploymentPostprocessing = 0;
		};
		A1ADA9C9271124C000110461 /* Sources */ = {
			isa = PBXSourcesBuildPhase;
			buildActionMask = 2147483647;
			files = (
				A1ADA9D4271124C000110461 /* IOSParstagramUITestsLaunchTests.swift in Sources */,
				A1ADA9D2271124C000110461 /* IOSParstagramUITests.swift in Sources */,
			);
			runOnlyForDeploymentPostprocessing = 0;
		};
/* End PBXSourcesBuildPhase section */

/* Begin PBXTargetDependency section */
		A1ADA9C5271124C000110461 /* PBXTargetDependency */ = {
			isa = PBXTargetDependency;
			target = A1ADA9AC271124BD00110461 /* IOSParstagram */;
			targetProxy = A1ADA9C4271124C000110461 /* PBXContainerItemProxy */;
		};
		A1ADA9CF271124C000110461 /* PBXTargetDependency */ = {
			isa = PBXTargetDependency;
			target = A1ADA9AC271124BD00110461 /* IOSParstagram */;
			targetProxy = A1ADA9CE271124C000110461 /* PBXContainerItemProxy */;
		};
/* End PBXTargetDependency section */

/* Begin PBXVariantGroup section */
		A1ADA9B6271124BD00110461 /* Main.storyboard */ = {
			isa = PBXVariantGroup;
			children = (
				A1ADA9B7271124BD00110461 /* Base */,
			);
			name = Main.storyboard;
			sourceTree = "<group>";
		};
		A1ADA9BB271124BF00110461 /* LaunchScreen.storyboard */ = {
			isa = PBXVariantGroup;
			children = (
				A1ADA9BC271124BF00110461 /* Base */,
			);
			name = LaunchScreen.storyboard;
			sourceTree = "<group>";
		};
/* End PBXVariantGroup section */

/* Begin XCBuildConfiguration section */
		A1ADA9D5271124C000110461 /* Debug */ = {
			isa = XCBuildConfiguration;
			buildSettings = {
				ALWAYS_SEARCH_USER_PATHS = NO;
				CLANG_ANALYZER_NONNULL = YES;
				CLANG_ANALYZER_NUMBER_OBJECT_CONVERSION = YES_AGGRESSIVE;
				CLANG_CXX_LANGUAGE_STANDARD = "gnu++17";
				CLANG_CXX_LIBRARY = "libc++";
				CLANG_ENABLE_MODULES = YES;
				CLANG_ENABLE_OBJC_ARC = YES;
				CLANG_ENABLE_OBJC_WEAK = YES;
				CLANG_WARN_BLOCK_CAPTURE_AUTORELEASING = YES;
				CLANG_WARN_BOOL_CONVERSION = YES;
				CLANG_WARN_COMMA = YES;
				CLANG_WARN_CONSTANT_CONVERSION = YES;
				CLANG_WARN_DEPRECATED_OBJC_IMPLEMENTATIONS = YES;
				CLANG_WARN_DIRECT_OBJC_ISA_USAGE = YES_ERROR;
				CLANG_WARN_DOCUMENTATION_COMMENTS = YES;
				CLANG_WARN_EMPTY_BODY = YES;
				CLANG_WARN_ENUM_CONVERSION = YES;
				CLANG_WARN_INFINITE_RECURSION = YES;
				CLANG_WARN_INT_CONVERSION = YES;
				CLANG_WARN_NON_LITERAL_NULL_CONVERSION = YES;
				CLANG_WARN_OBJC_IMPLICIT_RETAIN_SELF = YES;
				CLANG_WARN_OBJC_LITERAL_CONVERSION = YES;
				CLANG_WARN_OBJC_ROOT_CLASS = YES_ERROR;
				CLANG_WARN_QUOTED_INCLUDE_IN_FRAMEWORK_HEADER = YES;
				CLANG_WARN_RANGE_LOOP_ANALYSIS = YES;
				CLANG_WARN_STRICT_PROTOTYPES = YES;
				CLANG_WARN_SUSPICIOUS_MOVE = YES;
				CLANG_WARN_UNGUARDED_AVAILABILITY = YES_AGGRESSIVE;
				CLANG_WARN_UNREACHABLE_CODE = YES;
				CLANG_WARN__DUPLICATE_METHOD_MATCH = YES;
				COPY_PHASE_STRIP = NO;
				DEBUG_INFORMATION_FORMAT = dwarf;
				ENABLE_STRICT_OBJC_MSGSEND = YES;
				ENABLE_TESTABILITY = YES;
				GCC_C_LANGUAGE_STANDARD = gnu11;
				GCC_DYNAMIC_NO_PIC = NO;
				GCC_NO_COMMON_BLOCKS = YES;
				GCC_OPTIMIZATION_LEVEL = 0;
				GCC_PREPROCESSOR_DEFINITIONS = (
					"DEBUG=1",
					"$(inherited)",
				);
				GCC_WARN_64_TO_32_BIT_CONVERSION = YES;
				GCC_WARN_ABOUT_RETURN_TYPE = YES_ERROR;
				GCC_WARN_UNDECLARED_SELECTOR = YES;
				GCC_WARN_UNINITIALIZED_AUTOS = YES_AGGRESSIVE;
				GCC_WARN_UNUSED_FUNCTION = YES;
				GCC_WARN_UNUSED_VARIABLE = YES;
				IPHONEOS_DEPLOYMENT_TARGET = 15.0;
				MTL_ENABLE_DEBUG_INFO = INCLUDE_SOURCE;
				MTL_FAST_MATH = YES;
				ONLY_ACTIVE_ARCH = YES;
				SDKROOT = iphoneos;
				SWIFT_ACTIVE_COMPILATION_CONDITIONS = DEBUG;
				SWIFT_OPTIMIZATION_LEVEL = "-Onone";
			};
			name = Debug;
		};
		A1ADA9D6271124C000110461 /* Release */ = {
			isa = XCBuildConfiguration;
			buildSettings = {
				ALWAYS_SEARCH_USER_PATHS = NO;
				CLANG_ANALYZER_NONNULL = YES;
				CLANG_ANALYZER_NUMBER_OBJECT_CONVERSION = YES_AGGRESSIVE;
				CLANG_CXX_LANGUAGE_STANDARD = "gnu++17";
				CLANG_CXX_LIBRARY = "libc++";
				CLANG_ENABLE_MODULES = YES;
				CLANG_ENABLE_OBJC_ARC = YES;
				CLANG_ENABLE_OBJC_WEAK = YES;
				CLANG_WARN_BLOCK_CAPTURE_AUTORELEASING = YES;
				CLANG_WARN_BOOL_CONVERSION = YES;
				CLANG_WARN_COMMA = YES;
				CLANG_WARN_CONSTANT_CONVERSION = YES;
				CLANG_WARN_DEPRECATED_OBJC_IMPLEMENTATIONS = YES;
				CLANG_WARN_DIRECT_OBJC_ISA_USAGE = YES_ERROR;
				CLANG_WARN_DOCUMENTATION_COMMENTS = YES;
				CLANG_WARN_EMPTY_BODY = YES;
				CLANG_WARN_ENUM_CONVERSION = YES;
				CLANG_WARN_INFINITE_RECURSION = YES;
				CLANG_WARN_INT_CONVERSION = YES;
				CLANG_WARN_NON_LITERAL_NULL_CONVERSION = YES;
				CLANG_WARN_OBJC_IMPLICIT_RETAIN_SELF = YES;
				CLANG_WARN_OBJC_LITERAL_CONVERSION = YES;
				CLANG_WARN_OBJC_ROOT_CLASS = YES_ERROR;
				CLANG_WARN_QUOTED_INCLUDE_IN_FRAMEWORK_HEADER = YES;
				CLANG_WARN_RANGE_LOOP_ANALYSIS = YES;
				CLANG_WARN_STRICT_PROTOTYPES = YES;
				CLANG_WARN_SUSPICIOUS_MOVE = YES;
				CLANG_WARN_UNGUARDED_AVAILABILITY = YES_AGGRESSIVE;
				CLANG_WARN_UNREACHABLE_CODE = YES;
				CLANG_WARN__DUPLICATE_METHOD_MATCH = YES;
				COPY_PHASE_STRIP = NO;
				DEBUG_INFORMATION_FORMAT = "dwarf-with-dsym";
				ENABLE_NS_ASSERTIONS = NO;
				ENABLE_STRICT_OBJC_MSGSEND = YES;
				GCC_C_LANGUAGE_STANDARD = gnu11;
				GCC_NO_COMMON_BLOCKS = YES;
				GCC_WARN_64_TO_32_BIT_CONVERSION = YES;
				GCC_WARN_ABOUT_RETURN_TYPE = YES_ERROR;
				GCC_WARN_UNDECLARED_SELECTOR = YES;
				GCC_WARN_UNINITIALIZED_AUTOS = YES_AGGRESSIVE;
				GCC_WARN_UNUSED_FUNCTION = YES;
				GCC_WARN_UNUSED_VARIABLE = YES;
				IPHONEOS_DEPLOYMENT_TARGET = 15.0;
				MTL_ENABLE_DEBUG_INFO = NO;
				MTL_FAST_MATH = YES;
				SDKROOT = iphoneos;
				SWIFT_COMPILATION_MODE = wholemodule;
				SWIFT_OPTIMIZATION_LEVEL = "-O";
				VALIDATE_PRODUCT = YES;
			};
			name = Release;
		};
		A1ADA9D8271124C000110461 /* Debug */ = {
			isa = XCBuildConfiguration;
			baseConfigurationReference = 06A27761CF300796E67B81F6 /* Pods-IOSParstagram.debug.xcconfig */;
			buildSettings = {
				ASSETCATALOG_COMPILER_APPICON_NAME = AppIcon;
				ASSETCATALOG_COMPILER_GLOBAL_ACCENT_COLOR_NAME = AccentColor;
				CODE_SIGN_STYLE = Automatic;
				CURRENT_PROJECT_VERSION = 1;
				GENERATE_INFOPLIST_FILE = YES;
				INFOPLIST_FILE = IOSParstagram/Info.plist;
				INFOPLIST_KEY_UIApplicationSupportsIndirectInputEvents = YES;
				INFOPLIST_KEY_UILaunchStoryboardName = LaunchScreen;
				INFOPLIST_KEY_UIMainStoryboardFile = Main;
				INFOPLIST_KEY_UISupportedInterfaceOrientations_iPad = "UIInterfaceOrientationPortrait UIInterfaceOrientationPortraitUpsideDown UIInterfaceOrientationLandscapeLeft UIInterfaceOrientationLandscapeRight";
				INFOPLIST_KEY_UISupportedInterfaceOrientations_iPhone = "UIInterfaceOrientationPortrait UIInterfaceOrientationLandscapeLeft UIInterfaceOrientationLandscapeRight";
				LD_RUNPATH_SEARCH_PATHS = (
					"$(inherited)",
					"@executable_path/Frameworks",
				);
				MARKETING_VERSION = 1.0;
				PRODUCT_BUNDLE_IDENTIFIER = Kevin2259.IOSParstagram;
				PRODUCT_NAME = "$(TARGET_NAME)";
				SWIFT_EMIT_LOC_STRINGS = YES;
				SWIFT_VERSION = 5.0;
				TARGETED_DEVICE_FAMILY = "1,2";
			};
			name = Debug;
		};
		A1ADA9D9271124C000110461 /* Release */ = {
			isa = XCBuildConfiguration;
			baseConfigurationReference = 5542080C8E012367AA7F1D09 /* Pods-IOSParstagram.release.xcconfig */;
			buildSettings = {
				ASSETCATALOG_COMPILER_APPICON_NAME = AppIcon;
				ASSETCATALOG_COMPILER_GLOBAL_ACCENT_COLOR_NAME = AccentColor;
				CODE_SIGN_STYLE = Automatic;
				CURRENT_PROJECT_VERSION = 1;
				GENERATE_INFOPLIST_FILE = YES;
				INFOPLIST_FILE = IOSParstagram/Info.plist;
				INFOPLIST_KEY_UIApplicationSupportsIndirectInputEvents = YES;
				INFOPLIST_KEY_UILaunchStoryboardName = LaunchScreen;
				INFOPLIST_KEY_UIMainStoryboardFile = Main;
				INFOPLIST_KEY_UISupportedInterfaceOrientations_iPad = "UIInterfaceOrientationPortrait UIInterfaceOrientationPortraitUpsideDown UIInterfaceOrientationLandscapeLeft UIInterfaceOrientationLandscapeRight";
				INFOPLIST_KEY_UISupportedInterfaceOrientations_iPhone = "UIInterfaceOrientationPortrait UIInterfaceOrientationLandscapeLeft UIInterfaceOrientationLandscapeRight";
				LD_RUNPATH_SEARCH_PATHS = (
					"$(inherited)",
					"@executable_path/Frameworks",
				);
				MARKETING_VERSION = 1.0;
				PRODUCT_BUNDLE_IDENTIFIER = Kevin2259.IOSParstagram;
				PRODUCT_NAME = "$(TARGET_NAME)";
				SWIFT_EMIT_LOC_STRINGS = YES;
				SWIFT_VERSION = 5.0;
				TARGETED_DEVICE_FAMILY = "1,2";
			};
			name = Release;
		};
		A1ADA9DB271124C000110461 /* Debug */ = {
			isa = XCBuildConfiguration;
			baseConfigurationReference = 210B05FEC2BA2D85FB6EAA56 /* Pods-IOSParstagramTests.debug.xcconfig */;
			buildSettings = {
				ALWAYS_EMBED_SWIFT_STANDARD_LIBRARIES = YES;
				BUNDLE_LOADER = "$(TEST_HOST)";
				CODE_SIGN_STYLE = Automatic;
				CURRENT_PROJECT_VERSION = 1;
				GENERATE_INFOPLIST_FILE = YES;
				IPHONEOS_DEPLOYMENT_TARGET = 15.0;
				LD_RUNPATH_SEARCH_PATHS = (
					"$(inherited)",
					"@executable_path/Frameworks",
					"@loader_path/Frameworks",
				);
				MARKETING_VERSION = 1.0;
				PRODUCT_BUNDLE_IDENTIFIER = Kevin2259.IOSParstagramTests;
				PRODUCT_NAME = "$(TARGET_NAME)";
				SWIFT_EMIT_LOC_STRINGS = NO;
				SWIFT_VERSION = 5.0;
				TARGETED_DEVICE_FAMILY = "1,2";
				TEST_HOST = "$(BUILT_PRODUCTS_DIR)/IOSParstagram.app/IOSParstagram";
			};
			name = Debug;
		};
		A1ADA9DC271124C000110461 /* Release */ = {
			isa = XCBuildConfiguration;
			baseConfigurationReference = 5796144DD16F89AFA72C6ACB /* Pods-IOSParstagramTests.release.xcconfig */;
			buildSettings = {
				ALWAYS_EMBED_SWIFT_STANDARD_LIBRARIES = YES;
				BUNDLE_LOADER = "$(TEST_HOST)";
				CODE_SIGN_STYLE = Automatic;
				CURRENT_PROJECT_VERSION = 1;
				GENERATE_INFOPLIST_FILE = YES;
				IPHONEOS_DEPLOYMENT_TARGET = 15.0;
				LD_RUNPATH_SEARCH_PATHS = (
					"$(inherited)",
					"@executable_path/Frameworks",
					"@loader_path/Frameworks",
				);
				MARKETING_VERSION = 1.0;
				PRODUCT_BUNDLE_IDENTIFIER = Kevin2259.IOSParstagramTests;
				PRODUCT_NAME = "$(TARGET_NAME)";
				SWIFT_EMIT_LOC_STRINGS = NO;
				SWIFT_VERSION = 5.0;
				TARGETED_DEVICE_FAMILY = "1,2";
				TEST_HOST = "$(BUILT_PRODUCTS_DIR)/IOSParstagram.app/IOSParstagram";
			};
			name = Release;
		};
		A1ADA9DE271124C000110461 /* Debug */ = {
			isa = XCBuildConfiguration;
			baseConfigurationReference = 16C1F9AEF771E8D997CC6B2F /* Pods-IOSParstagram-IOSParstagramUITests.debug.xcconfig */;
			buildSettings = {
				ALWAYS_EMBED_SWIFT_STANDARD_LIBRARIES = YES;
				CODE_SIGN_STYLE = Automatic;
				CURRENT_PROJECT_VERSION = 1;
				GENERATE_INFOPLIST_FILE = YES;
				LD_RUNPATH_SEARCH_PATHS = (
					"$(inherited)",
					"@executable_path/Frameworks",
					"@loader_path/Frameworks",
				);
				MARKETING_VERSION = 1.0;
				PRODUCT_BUNDLE_IDENTIFIER = Kevin2259.IOSParstagramUITests;
				PRODUCT_NAME = "$(TARGET_NAME)";
				SWIFT_EMIT_LOC_STRINGS = NO;
				SWIFT_VERSION = 5.0;
				TARGETED_DEVICE_FAMILY = "1,2";
				TEST_TARGET_NAME = IOSParstagram;
			};
			name = Debug;
		};
		A1ADA9DF271124C000110461 /* Release */ = {
			isa = XCBuildConfiguration;
			baseConfigurationReference = 533F2C046EC6458D891C3E43 /* Pods-IOSParstagram-IOSParstagramUITests.release.xcconfig */;
			buildSettings = {
				ALWAYS_EMBED_SWIFT_STANDARD_LIBRARIES = YES;
				CODE_SIGN_STYLE = Automatic;
				CURRENT_PROJECT_VERSION = 1;
				GENERATE_INFOPLIST_FILE = YES;
				LD_RUNPATH_SEARCH_PATHS = (
					"$(inherited)",
					"@executable_path/Frameworks",
					"@loader_path/Frameworks",
				);
				MARKETING_VERSION = 1.0;
				PRODUCT_BUNDLE_IDENTIFIER = Kevin2259.IOSParstagramUITests;
				PRODUCT_NAME = "$(TARGET_NAME)";
				SWIFT_EMIT_LOC_STRINGS = NO;
				SWIFT_VERSION = 5.0;
				TARGETED_DEVICE_FAMILY = "1,2";
				TEST_TARGET_NAME = IOSParstagram;
			};
			name = Release;
		};
/* End XCBuildConfiguration section */

/* Begin XCConfigurationList section */
		A1ADA9A8271124BD00110461 /* Build configuration list for PBXProject "IOSParstagram" */ = {
			isa = XCConfigurationList;
			buildConfigurations = (
				A1ADA9D5271124C000110461 /* Debug */,
				A1ADA9D6271124C000110461 /* Release */,
			);
			defaultConfigurationIsVisible = 0;
			defaultConfigurationName = Release;
		};
		A1ADA9D7271124C000110461 /* Build configuration list for PBXNativeTarget "IOSParstagram" */ = {
			isa = XCConfigurationList;
			buildConfigurations = (
				A1ADA9D8271124C000110461 /* Debug */,
				A1ADA9D9271124C000110461 /* Release */,
			);
			defaultConfigurationIsVisible = 0;
			defaultConfigurationName = Release;
		};
		A1ADA9DA271124C000110461 /* Build configuration list for PBXNativeTarget "IOSParstagramTests" */ = {
			isa = XCConfigurationList;
			buildConfigurations = (
				A1ADA9DB271124C000110461 /* Debug */,
				A1ADA9DC271124C000110461 /* Release */,
			);
			defaultConfigurationIsVisible = 0;
			defaultConfigurationName = Release;
		};
		A1ADA9DD271124C000110461 /* Build configuration list for PBXNativeTarget "IOSParstagramUITests" */ = {
			isa = XCConfigurationList;
			buildConfigurations = (
				A1ADA9DE271124C000110461 /* Debug */,
				A1ADA9DF271124C000110461 /* Release */,
			);
			defaultConfigurationIsVisible = 0;
			defaultConfigurationName = Release;
		};
/* End XCConfigurationList section */
	};
	rootObject = A1ADA9A5271124BD00110461 /* Project object */;
}
